{
  "version": 4,
  "terraform_version": "1.13.4",
  "serial": 53,
  "lineage": "14ba2dca-dab4-f374-bff7-b23734df65f2",
  "outputs": {},
  "resources": [
    {
      "mode": "managed",
      "type": "aws_vpc",
      "name": "exodusvpc",
      "provider": "provider[\"registry.terraform.io/hashicorp/aws\"]",
      "instances": [
        {
          "schema_version": 1,
          "attributes": {
            "arn": "arn:aws:ec2:eu-north-1:864546685919:vpc/vpc-09f518f7c715bcca6",
            "assign_generated_ipv6_cidr_block": false,
            "cidr_block": "10.100.0.0/16",
            "default_network_acl_id": "acl-014646c86956b108c",
            "default_route_table_id": "rtb-0b49bcc9fc08b4d13",
            "default_security_group_id": "sg-0cec9558140bec294",
            "dhcp_options_id": "dopt-09b6d0b5d475909c9",
            "enable_dns_hostnames": true,
            "enable_dns_support": true,
            "enable_network_address_usage_metrics": false,
            "id": "vpc-09f518f7c715bcca6",
            "instance_tenancy": "default",
            "ipv4_ipam_pool_id": null,
            "ipv4_netmask_length": null,
            "ipv6_association_id": "",
            "ipv6_cidr_block": "",
            "ipv6_cidr_block_network_border_group": "",
            "ipv6_ipam_pool_id": "",
            "ipv6_netmask_length": 0,
            "main_route_table_id": "rtb-0b49bcc9fc08b4d13",
            "owner_id": "864546685919",
            "region": "eu-north-1",
            "tags": {
              "Name": "exodusvpc"
            },
            "tags_all": {
              "Name": "exodusvpc"
            }
          },
          "sensitive_attributes": [],
          "identity_schema_version": 0,
          "identity": {
            "account_id": "864546685919",
            "id": "vpc-09f518f7c715bcca6",
            "region": "eu-north-1"
          },
          "private": "eyJzY2hlbWFfdmVyc2lvbiI6IjEifQ=="
        }
      ]
    }
  ],
  "check_results": null
}
